{
    "requires": true,
    "lockfileVersion": 1,
    "dependencies": {
        "@ckeditor/ckeditor5-build-decoupled-document": {
            "version": "12.2.0",
            "resolved": "https://registry.npmjs.org/@ckeditor/ckeditor5-build-decoupled-document/-/ckeditor5-build-decoupled-document-12.2.0.tgz",
            "integrity": "sha512-VE+V+Af+EpjAd6WHbZyi43EPCjWHF04o0YPrXBwQ3bFjMZuNXQ02sloLBWkYBu8QngPZtwa4F9Dh3lz2ouwvKg=="
        },
        "bootstrap": {
            "version": "4.3.1",
            "resolved": "https://registry.npmjs.org/bootstrap/-/bootstrap-4.3.1.tgz",
            "integrity": "sha512-rXqOmH1VilAt2DyPzluTi2blhk17bO7ef+zLLPlWvG494pDxcM234pJ8wTc/6R40UWizAIIMgxjvxZg5kmsbag=="
        },
        "ckeditor": {
            "version": "4.11.4",
            "resolved": "https://registry.npmjs.org/ckeditor/-/ckeditor-4.11.4.tgz",
            "integrity": "sha512-h1EymdwFDdQuDO1vEisUagZ/WYiDnvvvtftYmbmqbbUf9vk21ovXb7mXnQimvTYJfRQBgJCoqfjFDfcQIfw9ig=="
        },
        "jquery": {
            "version": "3.4.1",
            "resolved": "https://registry.npmjs.org/jquery/-/jquery-3.4.1.tgz",
            "integrity": "sha512-36+AdBzCL+y6qjw5Tx7HgzeGCzC81MDDgaUP8ld2zhx58HdqXGoBd+tHdrBMiyjGQs0Hxs/MLZTu/eHNJJuWPw=="
        },
        "md.bootstrappersiandatetimepicker": {
            "version": "3.4.7",
            "resolved": "https://registry.npmjs.org/md.bootstrappersiandatetimepicker/-/md.bootstrappersiandatetimepicker-3.4.7.tgz",
            "integrity": "sha512-ow+qnCnxNsYGAXCM2U29ut7T5R7fYCC3KyKx7DdGOb/by+HMAfo6tgM83nlGYgvRSvaeu9BrpMzmKdJel6C4xg==",
            "requires": {
                "bootstrap": "^4.3.1",
                "jquery": "^3.4.1",
                "popper.js": "^1.15.0"
            }
        },
        "nestable2": {
            "version": "1.6.0",
            "resolved": "https://registry.npmjs.org/nestable2/-/nestable2-1.6.0.tgz",
            "integrity": "sha512-/jBy2FhAqik/yV1fYDqbP3OvGLb/wpjweg91UTzIREI+69hbqkKjJ9L+/FSBejYM0WMhvd2Q2p0+8XXetv0egA==",
            "requires": {
                "jquery": ">=1.7.2"
            }
        },
        "pnotify": {
            "version": "4.0.0",
            "resolved": "https://registry.npmjs.org/pnotify/-/pnotify-4.0.0.tgz",
            "integrity": "sha512-Fs3xlxmnlgXjUdM3xFfImfkLh5RmTgfRyPS5yT43w0OIrVULbGu1g3mpiH9H2nlAZ5dFEJRqh43sQXl/mVW6yA=="
        },
        "popper.js": {
            "version": "1.15.0",
            "resolved": "https://registry.npmjs.org/popper.js/-/popper.js-1.15.0.tgz",
            "integrity": "sha512-w010cY1oCUmI+9KwwlWki+r5jxKfTFDVoadl7MSrIujHU5MJ5OR6HTDj6Xo8aoR/QsA56x8jKjA59qGH4ELtrA=="
        },
        "sweetalert2": {
            "version": "8.12.1",
            "resolved": "https://registry.npmjs.org/sweetalert2/-/sweetalert2-8.12.1.tgz",
            "integrity": "sha512-C+c/lB95JjePFW9n5cEghKnk3z0sbeOfbt3yzV4QlbBLx+Wh/LzVIb59QTvixHEhvTiSkUMgSY30Uj40hU3MHw=="
        }
    }
}
